{
  "name": "audio",
  "version": "2.0.0",
  "lockfileVersion": 3,
  "requires": true,
  "packages": {
    "": {
      "name": "audio",
      "version": "2.0.0",
      "license": "MIT",
      "dependencies": {
        "audio-decode": "file:../audio-decode",
        "audio-encode": "file:../audio-encode"
      },
      "devDependencies": {
        "audio-lena": "file:../audio-lena",
        "tst": "file:../tst"
      }
    },
    "../audio-decode": {
      "version": "3.4.0",
      "license": "MIT",
      "workspaces": [
        "packages/*"
      ],
      "dependencies": {
        "@audio/aac-decode": "^1.0.2",
        "@audio/aiff-decode": "^1.0.0",
        "@audio/amr-decode": "^1.0.0",
        "@audio/caf-decode": "^1.0.0",
        "@audio/webm-decode": "^1.0.0",
        "@audio/wma-decode": "^1.0.0",
        "@wasm-audio-decoders/flac": "^0.2.10",
        "@wasm-audio-decoders/ogg-vorbis": "^0.1.20",
        "audio-type": "^2.4.0",
        "mpg123-decoder": "^1.0.3",
        "node-wav": "^0.0.2",
        "ogg-opus-decoder": "^1.7.3",
        "qoa-format": "^1.0.1"
      },
      "devDependencies": {
        "audio-lena": "^3.0.0",
        "base64-arraybuffer": "^1.0.2",
        "playwright": "^1.58.0",
        "tst": "^9.2.2"
      }
    },
    "../audio-encode": {
      "name": "encode-audio",
      "version": "1.1.0",
      "license": "MIT",
      "workspaces": [
        "packages/*"
      ],
      "dependencies": {
        "@audio/aiff-encode": "^1.0.0",
        "@audio/flac-encode": "^1.0.0",
        "@audio/mp3-encode": "^1.0.0",
        "@audio/ogg-encode": "^1.0.0",
        "@audio/opus-encode": "^1.0.0",
        "@audio/wav-encode": "^1.0.0"
      },
      "devDependencies": {
        "audio-buffer": "^7.3.0",
        "audio-decode": "^4.0.0",
        "audio-lena": "^3.0.0",
        "tst": "^9.2.2"
      }
    },
    "../audio-lena": {
      "version": "3.0.0",
      "dev": true,
      "license": "MIT"
    },
    "../tst": {
      "version": "9.4.0",
      "dev": true,
      "license": "MIT",
      "devDependencies": {
        "@eslint/js": "^9.39.2",
        "c8": "^10.1.2",
        "eslint": "^9.17.0",
        "prettier": "^3.4.2"
      }
    },
    "node_modules/audio-decode": {
      "resolved": "../audio-decode",
      "link": true
    },
    "node_modules/audio-encode": {
      "resolved": "../audio-encode",
      "link": true
    },
    "node_modules/audio-lena": {
      "resolved": "../audio-lena",
      "link": true
    },
    "node_modules/tst": {
      "resolved": "../tst",
      "link": true
    }
  }
}
