{
  "name": "audio",
  "version": "2.0.0",
  "lockfileVersion": 3,
  "requires": true,
  "packages": {
    "": {
      "name": "audio",
      "version": "2.0.0",
      "license": "MIT",
      "dependencies": {
        "@audio/decode-aiff": "^1.1.0",
        "@audio/decode-caf": "^1.1.0",
        "@audio/decode-wav": "^1.1.0",
        "@audio/encode-mp3": "^1.0.1",
        "audio-decode": "^3.8.0",
        "audio-filter": "^2.2.0",
        "audio-speaker": "^2.1.0",
        "audio-type": "^2.0.0",
        "encode-audio": "^1.2.1",
        "fourier-transform": "^2.2.0",
        "parse-duration": "^2.1.5",
        "pcm-convert": "^3.1.0"
      },
      "bin": {
        "audio": "bin/cli.js"
      },
      "devDependencies": {
        "audio-lena": "^3.0.0",
        "playwright": "^1.59.1",
        "tst": "^9.4.0"
      }
    },
    "../audio-encode": {
      "name": "encode-audio",
      "version": "1.2.0",
      "extraneous": true,
      "license": "MIT",
      "workspaces": [
        "packages/*"
      ],
      "dependencies": {
        "@audio/encode-aiff": "^1.0.0",
        "@audio/encode-flac": "^1.0.0",
        "@audio/encode-mp3": "^1.0.0",
        "@audio/encode-ogg": "^1.0.0",
        "@audio/encode-opus": "^1.0.0",
        "@audio/encode-wav": "^1.0.0"
      },
      "devDependencies": {
        "audio-buffer": "^7.3.0",
        "audio-decode": "^4.0.0",
        "audio-lena": "^3.0.0",
        "tst": "^9.2.2"
      }
    },
    "../audio-lena": {
      "version": "3.0.0",
      "dev": true,
      "license": "MIT"
    },
    "../tst": {
      "version": "9.4.0",
      "dev": true,
      "license": "MIT",
      "devDependencies": {
        "@eslint/js": "^9.39.2",
        "c8": "^10.1.2",
        "eslint": "^9.17.0",
        "prettier": "^3.4.2"
      }
    },
    "node_modules/@audio/decode-aac": {
      "version": "1.0.2",
      "resolved": "https://registry.npmjs.org/@audio/decode-aac/-/decode-aac-1.0.2.tgz",
      "integrity": "sha512-cYBLa80ay10H8UkqW4mOsxs9b4DIvDjBMWP++copvZKUxlt+MQEswp7DJ6dqKGjUcUya5HLWeK1Mo3qLMhwndA==",
      "license": "GPL-2.0",
      "engines": {
        "node": ">=16"
      }
    },
    "node_modules/@audio/decode-aiff": {
      "version": "1.1.0",
      "resolved": "https://registry.npmjs.org/@audio/decode-aiff/-/decode-aiff-1.1.0.tgz",
      "integrity": "sha512-0xgygkRROa8fTzPAvdvBXU6gQSGrbuJbKn5Zn5vTPTdKLd4usUYAHMTTInvsdr+kBKOvHGTvtwz3vJ+tXze65g==",
      "license": "MIT",
      "engines": {
        "node": ">=16"
      }
    },
    "node_modules/@audio/decode-amr": {
      "version": "1.0.0",
      "resolved": "https://registry.npmjs.org/@audio/decode-amr/-/decode-amr-1.0.0.tgz",
      "integrity": "sha512-3B2UTlYS4jN5ZkR8AhKTZ8JjQu6F+01gvaRi54R5ZPVY4L5uwh2/EkUlME/oAd29Up8z9WiGwFuiSdbVJIi0Yg==",
      "license": "Apache-2.0",
      "engines": {
        "node": ">=16"
      }
    },
    "node_modules/@audio/decode-caf": {
      "version": "1.1.0",
      "resolved": "https://registry.npmjs.org/@audio/decode-caf/-/decode-caf-1.1.0.tgz",
      "integrity": "sha512-7QICbzOHedkeMQNCEPWWxGo3mJqKOOFkFCXLRQfXXu49Rqg4NjnGq0F5qc8KTt/iJnRkRnVaSLZkg/iNUEqpRA==",
      "license": "MIT",
      "engines": {
        "node": ">=16"
      }
    },
    "node_modules/@audio/decode-wav": {
      "version": "1.1.0",
      "resolved": "https://registry.npmjs.org/@audio/decode-wav/-/decode-wav-1.1.0.tgz",
      "integrity": "sha512-BP02oMvFRPGbvZd5GZijEoMxt1c0u8IqYBL2nJxmv1j3oLmpJNmlv7LnMRH6s0WdZEcKryZbrPHh+xa72MaGoA==",
      "license": "MIT"
    },
    "node_modules/@audio/decode-webm": {
      "version": "1.0.0",
      "resolved": "https://registry.npmjs.org/@audio/decode-webm/-/decode-webm-1.0.0.tgz",
      "integrity": "sha512-RidcjAmj2Sq+Kudaysy1areldRK7GRlhvJB1rRecQvuvNkqP/azMu3cAez880Im1UlHXyMoXnIyY38CjKipjFw==",
      "license": "MIT",
      "dependencies": {
        "@wasm-audio-decoders/ogg-vorbis": "^0.1.20",
        "opus-decoder": "^0.7.6"
      },
      "engines": {
        "node": ">=16"
      }
    },
    "node_modules/@audio/decode-wma": {
      "version": "1.0.0",
      "resolved": "https://registry.npmjs.org/@audio/decode-wma/-/decode-wma-1.0.0.tgz",
      "integrity": "sha512-lWFo+83xu6SmDUIVTUazgWFVIi72L1SlLXRu/pgYoVaGmF6nEs6fG87sspi3RSr41i+69wikZeKIKh5UALRp/Q==",
      "license": "GPL-2.0-or-later",
      "engines": {
        "node": ">=16"
      }
    },
    "node_modules/@audio/encode-aiff": {
      "version": "1.0.0",
      "resolved": "https://registry.npmjs.org/@audio/encode-aiff/-/encode-aiff-1.0.0.tgz",
      "integrity": "sha512-aqngyT1k9EbrmZY81QAPXmA3/2kc8yFMTzq12mH9z+72htKEinlz4/TuSXFQrlr7ItMaz1OIwQmVy8fJUaaXbg==",
      "license": "MIT",
      "engines": {
        "node": ">=16"
      }
    },
    "node_modules/@audio/encode-flac": {
      "version": "1.0.0",
      "resolved": "https://registry.npmjs.org/@audio/encode-flac/-/encode-flac-1.0.0.tgz",
      "integrity": "sha512-ditMy7VuMdHYK/GE0x6lpvoLV3pT+rqq0MOGkfVaCsFHYAUMZk8fbvmtkE+uRigTe63+0TmEvcFu+/c2dvgj5Q==",
      "license": "MIT",
      "dependencies": {
        "libflacjs": "^5.4.0"
      },
      "engines": {
        "node": ">=16"
      }
    },
    "node_modules/@audio/encode-mp3": {
      "version": "1.0.1",
      "resolved": "https://registry.npmjs.org/@audio/encode-mp3/-/encode-mp3-1.0.1.tgz",
      "integrity": "sha512-RjmJnBan8iRXDNDH/RkCPALA3gqnj0BVlphuvaWqWIsV+6s3g+6IIry8kd4thiVk5byRNkiq9dUh7kgZkklw8A==",
      "license": "MIT",
      "dependencies": {
        "wasm-media-encoders": "^0.7.0"
      },
      "engines": {
        "node": ">=16"
      }
    },
    "node_modules/@audio/encode-ogg": {
      "version": "1.0.0",
      "resolved": "https://registry.npmjs.org/@audio/encode-ogg/-/encode-ogg-1.0.0.tgz",
      "integrity": "sha512-izXxQ8zPJNQpQd61TWaN3HnwpRoEOTTO9rt/6t2oMB+plQ3RVPz3oWP/vAcYKFBv440NRvnXcQloa5zs1ifFbg==",
      "license": "MIT",
      "dependencies": {
        "wasm-media-encoders": "^0.7.0"
      },
      "engines": {
        "node": ">=16"
      }
    },
    "node_modules/@audio/encode-opus": {
      "version": "1.0.0",
      "resolved": "https://registry.npmjs.org/@audio/encode-opus/-/encode-opus-1.0.0.tgz",
      "integrity": "sha512-fomDsAiaGGCQ8CTmsACqX70WK5cKZwpH9C7qD3pWJZkVjdGCxVIkh7bl85M+iD0YWaWFEazpmAW/vTsC4DObqg==",
      "license": "MIT",
      "dependencies": {
        "opusscript": "^0.1.1"
      },
      "engines": {
        "node": ">=16"
      }
    },
    "node_modules/@audio/encode-wav": {
      "version": "1.0.0",
      "resolved": "https://registry.npmjs.org/@audio/encode-wav/-/encode-wav-1.0.0.tgz",
      "integrity": "sha512-KI/DbfKpsWXAVUG3hVfnBwOjJkaEnlJBklM5lgAL8NBCkoB+kQ6M03POOxxCidQB39f+wgU0lTebe2UW3tjZsw==",
      "license": "MIT",
      "engines": {
        "node": ">=16"
      }
    },
    "node_modules/@audio/speaker-darwin-x64": {
      "version": "2.0.4",
      "resolved": "https://registry.npmjs.org/@audio/speaker-darwin-x64/-/speaker-darwin-x64-2.0.4.tgz",
      "integrity": "sha512-AvZEAy5DhLhGRdwCn/aaqDkONWmNXt4GOsetxzml8lmD518+d9VwHRKKUgWFPJ8o2g0kKGr7MC+XnUMN97RvOg==",
      "cpu": [
        "x64"
      ],
      "license": "MIT",
      "optional": true,
      "os": [
        "darwin"
      ]
    },
    "node_modules/@audio/speaker-linux-arm64": {
      "version": "2.0.4",
      "resolved": "https://registry.npmjs.org/@audio/speaker-linux-arm64/-/speaker-linux-arm64-2.0.4.tgz",
      "integrity": "sha512-aCCOBGwcg3Wg9mCi5docXHBzf6b0C/jT1mh4P+7ZQAMnepmEezKiAisdPksflW4mCO95tDEcjgIi5bG/7MtT8g==",
      "cpu": [
        "arm64"
      ],
      "license": "MIT",
      "optional": true,
      "os": [
        "linux"
      ]
    },
    "node_modules/@audio/speaker-linux-x64": {
      "version": "2.0.4",
      "resolved": "https://registry.npmjs.org/@audio/speaker-linux-x64/-/speaker-linux-x64-2.0.4.tgz",
      "integrity": "sha512-yi1M0Y5RLKhY/Gw2MGVcgPCaa/C2hJ4/Kd4O4tv8klB78yD5XW4m4FpWvEq32o18SUlC075J3JKrKrMOS1a5NA==",
      "cpu": [
        "x64"
      ],
      "license": "MIT",
      "optional": true,
      "os": [
        "linux"
      ]
    },
    "node_modules/@audio/speaker-win32-x64": {
      "version": "2.0.4",
      "resolved": "https://registry.npmjs.org/@audio/speaker-win32-x64/-/speaker-win32-x64-2.0.4.tgz",
      "integrity": "sha512-2q8qsXhIx5vrv9h9G4H1HC114T+FL5WG8Y3BOeyAeTXHyh4ci3vR4JMGuplrwo6DnhywY0fb93uEp97TnlM3pA==",
      "cpu": [
        "x64"
      ],
      "license": "MIT",
      "optional": true,
      "os": [
        "win32"
      ]
    },
    "node_modules/@eshaz/web-worker": {
      "version": "1.2.2",
      "resolved": "https://registry.npmjs.org/@eshaz/web-worker/-/web-worker-1.2.2.tgz",
      "integrity": "sha512-WxXiHFmD9u/owrzempiDlBB1ZYqiLnm9s6aPc8AlFQalq2tKmqdmMr9GXOupDgzXtqnBipj8Un0gkIm7Sjf8mw==",
      "license": "Apache-2.0"
    },
    "node_modules/@swc/helpers": {
      "version": "0.5.21",
      "resolved": "https://registry.npmjs.org/@swc/helpers/-/helpers-0.5.21.tgz",
      "integrity": "sha512-jI/VAmtdjB/RnI8GTnokyX7Ug8c+g+ffD6QRLa6XQewtnGyukKkKSk3wLTM3b5cjt1jNh9x0jfVlagdN2gDKQg==",
      "license": "Apache-2.0",
      "dependencies": {
        "tslib": "^2.8.0"
      }
    },
    "node_modules/@thi.ng/bitstream": {
      "version": "2.4.44",
      "resolved": "https://registry.npmjs.org/@thi.ng/bitstream/-/bitstream-2.4.44.tgz",
      "integrity": "sha512-SN5GtdycUC8J9kRn4+GAcAJ93F9vKtaiI/SjpOyLl911bWNlF8gANFFCdgBkzbF2DHcpKflHxrVVfrYB6aCdsw==",
      "funding": [
        {
          "type": "github",
          "url": "https://github.com/sponsors/postspectacular"
        },
        {
          "type": "patreon",
          "url": "https://patreon.com/thing_umbrella"
        },
        {
          "type": "liberapay",
          "url": "https://liberapay.com/thi.ng"
        }
      ],
      "license": "Apache-2.0",
      "dependencies": {
        "@thi.ng/errors": "^2.6.6"
      },
      "engines": {
        "node": ">=18"
      }
    },
    "node_modules/@thi.ng/errors": {
      "version": "2.6.6",
      "resolved": "https://registry.npmjs.org/@thi.ng/errors/-/errors-2.6.6.tgz",
      "integrity": "sha512-da0slIGmueCf4T0b+xT4TMVUQjHGFTJpul5TAVvPUl7Xn5Noe13Uq6Ag4D5ZCcDwwe2iJ8iHaTuYSJaFZ9f8Mg==",
      "funding": [
        {
          "type": "github",
          "url": "https://github.com/sponsors/postspectacular"
        },
        {
          "type": "patreon",
          "url": "https://patreon.com/thing_umbrella"
        },
        {
          "type": "liberapay",
          "url": "https://liberapay.com/thi.ng"
        }
      ],
      "license": "Apache-2.0",
      "engines": {
        "node": ">=18"
      }
    },
    "node_modules/@wasm-audio-decoders/common": {
      "version": "9.0.7",
      "resolved": "https://registry.npmjs.org/@wasm-audio-decoders/common/-/common-9.0.7.tgz",
      "integrity": "sha512-WRaUuWSKV7pkttBygml/a6dIEpatq2nnZGFIoPTc5yPLkxL6Wk4YaslPM98OPQvWacvNZ+Py9xROGDtrFBDzag==",
      "license": "MIT",
      "dependencies": {
        "@eshaz/web-worker": "1.2.2",
        "simple-yenc": "^1.0.4"
      }
    },
    "node_modules/@wasm-audio-decoders/flac": {
      "version": "0.2.10",
      "resolved": "https://registry.npmjs.org/@wasm-audio-decoders/flac/-/flac-0.2.10.tgz",
      "integrity": "sha512-YfcyoD2rYRBa6ffawZKNi5qvV5HArJmNmuMVUPoutuZ2hhGi6WNSWIzgvbROGmPbFivLL764Am7xxJENWJDhjw==",
      "license": "MIT",
      "dependencies": {
        "@wasm-audio-decoders/common": "9.0.7",
        "codec-parser": "2.5.0"
      },
      "funding": {
        "type": "individual",
        "url": "https://github.com/sponsors/eshaz"
      }
    },
    "node_modules/@wasm-audio-decoders/ogg-vorbis": {
      "version": "0.1.20",
      "resolved": "https://registry.npmjs.org/@wasm-audio-decoders/ogg-vorbis/-/ogg-vorbis-0.1.20.tgz",
      "integrity": "sha512-zaQPasU5usRjUDXtXOHYED5tfkR4QMXd+EH3Nrz1+4+M5pCsdD+s9YxJqb0oqnTyRu/KUujOmu5Z/m/NT47vwg==",
      "license": "MIT",
      "dependencies": {
        "@wasm-audio-decoders/common": "9.0.7",
        "codec-parser": "2.5.0"
      },
      "funding": {
        "type": "individual",
        "url": "https://github.com/sponsors/eshaz"
      }
    },
    "node_modules/@wasm-audio-decoders/opus-ml": {
      "version": "0.0.2",
      "resolved": "https://registry.npmjs.org/@wasm-audio-decoders/opus-ml/-/opus-ml-0.0.2.tgz",
      "integrity": "sha512-58rWEqDGg+CKCyEeKm2KoxxSwTWtHh/NLTW9ObR4K8CGF6VwuuGudEI1CtniS/oSRmL1nJq/eh8MKARiluw4DQ==",
      "license": "MIT",
      "dependencies": {
        "@wasm-audio-decoders/common": "9.0.7"
      },
      "funding": {
        "type": "individual",
        "url": "https://github.com/sponsors/eshaz"
      }
    },
    "node_modules/audio-decode": {
      "version": "3.8.0",
      "resolved": "https://registry.npmjs.org/audio-decode/-/audio-decode-3.8.0.tgz",
      "integrity": "sha512-HOIwVqX38asb4lC2VA1fAAg79gBLspJL38V3H1T6n8fh1OC1CblVaDGG+TR6iH7iJJuZ+IntgU7d7gb3znCWPw==",
      "license": "MIT",
      "workspaces": [
        "packages/*"
      ],
      "dependencies": {
        "@audio/decode-aac": "^1.0.2",
        "@audio/decode-aiff": "^1.0.0",
        "@audio/decode-amr": "^1.0.0",
        "@audio/decode-caf": "^1.0.0",
        "@audio/decode-wav": "^1.0.0",
        "@audio/decode-webm": "^1.0.0",
        "@audio/decode-wma": "^1.0.0",
        "@wasm-audio-decoders/flac": "^0.2.10",
        "@wasm-audio-decoders/ogg-vorbis": "^0.1.20",
        "audio-type": "^2.4.0",
        "mpg123-decoder": "^1.0.3",
        "ogg-opus-decoder": "^1.7.3",
        "qoa-format": "^1.0.1"
      }
    },
    "node_modules/audio-filter": {
      "version": "2.2.0",
      "resolved": "https://registry.npmjs.org/audio-filter/-/audio-filter-2.2.0.tgz",
      "integrity": "sha512-CbJSJ5UPDVpj64B4anh5LIPfqMHElW0LfGaKcSQ7a2XlNlzFWNZJpDx146KNiEShtNJ/VDfNno89HrwYInByQg==",
      "license": "MIT",
      "dependencies": {
        "digital-filter": "^2.0.0"
      }
    },
    "node_modules/audio-lena": {
      "resolved": "../audio-lena",
      "link": true
    },
    "node_modules/audio-speaker": {
      "version": "2.1.0",
      "resolved": "https://registry.npmjs.org/audio-speaker/-/audio-speaker-2.1.0.tgz",
      "integrity": "sha512-XaDpqg2ntBBYcHh5qzvOV6SmRi+blX9pg7sUPBFHJD28TkV13wULqXeuOlNY0dqddSk34whk9llgy1jI2Splfg==",
      "hasInstallScript": true,
      "license": "MIT",
      "engines": {
        "node": ">=18"
      },
      "optionalDependencies": {
        "@audio/speaker-darwin-x64": ">=2.0.0",
        "@audio/speaker-linux-arm64": ">=2.0.0",
        "@audio/speaker-linux-x64": ">=2.0.0",
        "@audio/speaker-win32-x64": ">=2.0.0"
      }
    },
    "node_modules/audio-type": {
      "version": "2.4.0",
      "resolved": "https://registry.npmjs.org/audio-type/-/audio-type-2.4.0.tgz",
      "integrity": "sha512-ugYMgxLpH6gyWUhFWFl2HCJboFL5z/GoqSdonx8ZycfNP8JDHBhRNzYWzrCRa/6htOWfvJAq7qpRloxvx06sRA==",
      "license": "MIT",
      "engines": {
        "node": ">=14"
      }
    },
    "node_modules/codec-parser": {
      "version": "2.5.0",
      "resolved": "https://registry.npmjs.org/codec-parser/-/codec-parser-2.5.0.tgz",
      "integrity": "sha512-Ru9t80fV8B0ZiixQl8xhMTLru+dzuis/KQld32/x5T/+3LwZb0/YvQdSKytX9JqCnRdiupvAvyYJINKrXieziQ==",
      "license": "LGPL-3.0-or-later"
    },
    "node_modules/digital-filter": {
      "version": "2.3.0",
      "resolved": "https://registry.npmjs.org/digital-filter/-/digital-filter-2.3.0.tgz",
      "integrity": "sha512-QuNh4EuMjymF9dtyNBXA51jUeXE8rfWV5t5cgEq8LKy3aBIsRDgaquTbRMgXIrDlbQi5u0H/8kIKm3rKgw+cgA==",
      "license": "MIT",
      "engines": {
        "node": ">=18"
      }
    },
    "node_modules/encode-audio": {
      "version": "1.2.1",
      "resolved": "https://registry.npmjs.org/encode-audio/-/encode-audio-1.2.1.tgz",
      "integrity": "sha512-Or4DIEJorOMy5P0GQ7yCcElAi/iqWNMxMB92Z1nALv5ArFnZl9rra87vAZ39JTOmSkw6fFXbbZaDos7DxdPTGA==",
      "license": "MIT",
      "workspaces": [
        "packages/*"
      ],
      "dependencies": {
        "@audio/encode-aiff": "^1.0.0",
        "@audio/encode-flac": "^1.0.0",
        "@audio/encode-mp3": "^1.0.0",
        "@audio/encode-ogg": "^1.0.0",
        "@audio/encode-opus": "^1.0.0",
        "@audio/encode-wav": "^1.0.0"
      }
    },
    "node_modules/fourier-transform": {
      "version": "2.2.0",
      "resolved": "https://registry.npmjs.org/fourier-transform/-/fourier-transform-2.2.0.tgz",
      "integrity": "sha512-IMFCIoZycT+8btxocpqAfVBpLtfLgQ/Y0w8KvX4iPT8C2Y+aAXz49kK4Gvaogfqz0lZiBpwAk2z10Grfyg5Buw==",
      "license": "MIT"
    },
    "node_modules/fsevents": {
      "version": "2.3.2",
      "resolved": "https://registry.npmjs.org/fsevents/-/fsevents-2.3.2.tgz",
      "integrity": "sha512-xiqMQR4xAeHTuB9uWm+fFRcIOgKBMiOBP+eXiyT7jsgVCq1bkVygt00oASowB7EdtpOHaaPgKt812P9ab+DDKA==",
      "dev": true,
      "hasInstallScript": true,
      "license": "MIT",
      "optional": true,
      "os": [
        "darwin"
      ],
      "engines": {
        "node": "^8.16.0 || ^10.6.0 || >=11.0.0"
      }
    },
    "node_modules/libflacjs": {
      "version": "5.4.0",
      "resolved": "https://registry.npmjs.org/libflacjs/-/libflacjs-5.4.0.tgz",
      "integrity": "sha512-O/MRbhnRiEXAT4K5q3YWUnyEhg7EJ7+2LNyRmOdxApWLdowi9QVGQqKGYHQg6Wx5l4qp6V7f62Utb1z/ESWqPw==",
      "license": "MIT",
      "bin": {
        "index.d.ts": "dist/index.d.ts",
        "libflac.d.ts": "dist/libflac.d.ts",
        "libflac.dev.d.ts": "dist/libflac.dev.d.ts",
        "libflac.dev.js": "dist/libflac.dev.js",
        "libflac.dev.js.symbols": "dist/libflac.dev.js.symbols",
        "libflac.dev.wasm.d.ts": "dist/libflac.dev.wasm.d.ts",
        "libflac.dev.wasm.js": "dist/libflac.dev.wasm.js",
        "libflac.dev.wasm.js.symbols": "dist/libflac.dev.wasm.js.symbols",
        "libflac.dev.wasm.wasm": "dist/libflac.dev.wasm.wasm",
        "libflac.dev.wasm.wasm.map": "dist/libflac.dev.wasm.wasm.map",
        "libflac.js": "dist/libflac.js",
        "libflac.js.symbols": "dist/libflac.js.symbols",
        "libflac.min.d.ts": "dist/libflac.min.d.ts",
        "libflac.min.js": "dist/libflac.min.js",
        "libflac.min.js.mem": "dist/libflac.min.js.mem",
        "libflac.min.js.symbols": "dist/libflac.min.js.symbols",
        "libflac.min.wasm.d.ts": "dist/libflac.min.wasm.d.ts",
        "libflac.min.wasm.js": "dist/libflac.min.wasm.js",
        "libflac.min.wasm.js.symbols": "dist/libflac.min.wasm.js.symbols",
        "libflac.min.wasm.wasm": "dist/libflac.min.wasm.wasm",
        "libflac.wasm.d.ts": "dist/libflac.wasm.d.ts",
        "libflac.wasm.js": "dist/libflac.wasm.js",
        "libflac.wasm.js.symbols": "dist/libflac.wasm.js.symbols",
        "libflac.wasm.wasm": "dist/libflac.wasm.wasm"
      }
    },
    "node_modules/mpg123-decoder": {
      "version": "1.0.3",
      "resolved": "https://registry.npmjs.org/mpg123-decoder/-/mpg123-decoder-1.0.3.tgz",
      "integrity": "sha512-+fjxnWigodWJm3+4pndi+KUg9TBojgn31DPk85zEsim7C6s0X5Ztc/hQYdytXkwuGXH+aB0/aEkG40Emukv6oQ==",
      "license": "MIT",
      "dependencies": {
        "@wasm-audio-decoders/common": "9.0.7"
      },
      "funding": {
        "type": "individual",
        "url": "https://github.com/sponsors/eshaz"
      }
    },
    "node_modules/ogg-opus-decoder": {
      "version": "1.7.3",
      "resolved": "https://registry.npmjs.org/ogg-opus-decoder/-/ogg-opus-decoder-1.7.3.tgz",
      "integrity": "sha512-w47tiZpkLgdkpa+34VzYD8mHUj8I9kfWVZa82mBbNwDvB1byfLXSSzW/HxA4fI3e9kVlICSpXGFwMLV1LPdjwg==",
      "license": "MIT",
      "dependencies": {
        "@wasm-audio-decoders/common": "9.0.7",
        "@wasm-audio-decoders/opus-ml": "0.0.2",
        "codec-parser": "2.5.0",
        "opus-decoder": "0.7.11"
      },
      "funding": {
        "type": "individual",
        "url": "https://github.com/sponsors/eshaz"
      }
    },
    "node_modules/opus-decoder": {
      "version": "0.7.11",
      "resolved": "https://registry.npmjs.org/opus-decoder/-/opus-decoder-0.7.11.tgz",
      "integrity": "sha512-+e+Jz3vGQLxRTBHs8YJQPRPc1Tr+/aC6coV/DlZylriA29BdHQAYXhvNRKtjftof17OFng0+P4wsFIqQu3a48A==",
      "license": "MIT",
      "dependencies": {
        "@wasm-audio-decoders/common": "9.0.7"
      },
      "funding": {
        "type": "individual",
        "url": "https://github.com/sponsors/eshaz"
      }
    },
    "node_modules/opusscript": {
      "version": "0.1.1",
      "resolved": "https://registry.npmjs.org/opusscript/-/opusscript-0.1.1.tgz",
      "integrity": "sha512-mL0fZZOUnXdZ78woRXp18lApwpp0lF5tozJOD1Wut0dgrA9WuQTgSels/CSmFleaAZrJi/nci5KOVtbuxeWoQA==",
      "license": "MIT"
    },
    "node_modules/parse-duration": {
      "version": "2.1.5",
      "resolved": "https://registry.npmjs.org/parse-duration/-/parse-duration-2.1.5.tgz",
      "integrity": "sha512-/IX1KRw6zHDOOJrgIz++gvFASbFl7nc8GEXaLdD7d1t1x/GnrK6hh5Fgk8G3RLpkIEi4tsGj9pupGLWNg0EiJA==",
      "license": "MIT"
    },
    "node_modules/pcm-convert": {
      "version": "3.1.0",
      "resolved": "https://registry.npmjs.org/pcm-convert/-/pcm-convert-3.1.0.tgz",
      "integrity": "sha512-SvGXCqRVljdGRJcYcvB2kCzcyyMYjDreN90hKL51XwpRmvhynuxn9qhu5SSoogqi7PZoFVz3+4AdyWYTacY4Bw==",
      "license": "MIT"
    },
    "node_modules/playwright": {
      "version": "1.59.1",
      "resolved": "https://registry.npmjs.org/playwright/-/playwright-1.59.1.tgz",
      "integrity": "sha512-C8oWjPR3F81yljW9o5OxcWzfh6avkVwDD2VYdwIGqTkl+OGFISgypqzfu7dOe4QNLL2aqcWBmI3PMtLIK233lw==",
      "dev": true,
      "license": "Apache-2.0",
      "dependencies": {
        "playwright-core": "1.59.1"
      },
      "bin": {
        "playwright": "cli.js"
      },
      "engines": {
        "node": ">=18"
      },
      "optionalDependencies": {
        "fsevents": "2.3.2"
      }
    },
    "node_modules/playwright-core": {
      "version": "1.59.1",
      "resolved": "https://registry.npmjs.org/playwright-core/-/playwright-core-1.59.1.tgz",
      "integrity": "sha512-HBV/RJg81z5BiiZ9yPzIiClYV/QMsDCKUyogwH9p3MCP6IYjUFu/MActgYAvK0oWyV9NlwM3GLBjADyWgydVyg==",
      "dev": true,
      "license": "Apache-2.0",
      "bin": {
        "playwright-core": "cli.js"
      },
      "engines": {
        "node": ">=18"
      }
    },
    "node_modules/qoa-format": {
      "version": "1.0.1",
      "resolved": "https://registry.npmjs.org/qoa-format/-/qoa-format-1.0.1.tgz",
      "integrity": "sha512-dMB0Z6XQjdpz/Cw4Rf6RiBpQvUSPCfYlQMWvmuWlWkAT7nDQD29cVZ1SwDUB6DYJSitHENwbt90lqfI+7bvMcw==",
      "license": "MIT",
      "dependencies": {
        "@thi.ng/bitstream": "^2.2.12"
      }
    },
    "node_modules/simple-yenc": {
      "version": "1.0.4",
      "resolved": "https://registry.npmjs.org/simple-yenc/-/simple-yenc-1.0.4.tgz",
      "integrity": "sha512-5gvxpSd79e9a3V4QDYUqnqxeD4HGlhCakVpb6gMnDD7lexJggSBJRBO5h52y/iJrdXRilX9UCuDaIJhSWm5OWw==",
      "license": "MIT",
      "funding": {
        "type": "individual",
        "url": "https://github.com/sponsors/eshaz"
      }
    },
    "node_modules/tslib": {
      "version": "2.8.1",
      "resolved": "https://registry.npmjs.org/tslib/-/tslib-2.8.1.tgz",
      "integrity": "sha512-oJFu94HQb+KVduSUQL7wnpmqnfmLsOA/nAh6b6EH0wCEoK0/mPeXU6c3wKDV83MkOuHPRHtSXKKU99IBazS/2w==",
      "license": "0BSD"
    },
    "node_modules/tst": {
      "resolved": "../tst",
      "link": true
    },
    "node_modules/wasm-media-encoders": {
      "version": "0.7.0",
      "resolved": "https://registry.npmjs.org/wasm-media-encoders/-/wasm-media-encoders-0.7.0.tgz",
      "integrity": "sha512-Sp4wUasgxOK/IFfNhpon6LQQgYGwtpxyV4isjGIe1rvhnJL3w2KYr4f+CdqDNtGPDcgCDRY+uBanVfSx6Si0WQ==",
      "license": "MIT",
      "dependencies": {
        "@swc/helpers": "^0.5.10"
      },
      "engines": {
        "node": ">= 10"
      }
    }
  }
}
